{
  "name": "rpaidtp.cepext",
  "version": "1.0.0",
  "lockfileVersion": 3,
  "requires": true,
  "packages": {
    "": {
      "name": "rpaidtp.cepext",
      "version": "1.0.0",
      "license": "ISC",
      "dependencies": {
        "@spectrum-css/button": "^4.1.2",
        "@spectrum-css/textfield": "^3.0.7",
        "@spectrum-css/typography": "^4.0.4",
        "@spectrum-web-components/button": "^0.41.2",
        "fs-extra": "^11.2.0",
        "loadicons": "^1.0.0"
      }
    },
    "node_modules/@lit-labs/observers": {
      "version": "2.0.2",
      "resolved": "https://registry.npmjs.org/@lit-labs/observers/-/observers-2.0.2.tgz",
      "integrity": "sha512-eZb5+W9Cb0e/Y5m1DNxBSGTvGB2TAVTGMnTxL/IzFhPQEcZIAHewW1eVBhN8W07A5tirRaAmmF6fGL1V20p3gQ==",
      "dependencies": {
        "@lit/reactive-element": "^1.0.0 || ^2.0.0"
      }
    },
    "node_modules/@lit-labs/ssr-dom-shim": {
      "version": "1.2.0",
      "resolved": "https://registry.npmjs.org/@lit-labs/ssr-dom-shim/-/ssr-dom-shim-1.2.0.tgz",
      "integrity": "sha512-yWJKmpGE6lUURKAaIltoPIE/wrbY3TEkqQt+X0m+7fQNnAv0keydnYvbiJFP1PnMhizmIWRWOG5KLhYyc/xl+g=="
    },
    "node_modules/@lit/reactive-element": {
      "version": "2.0.4",
      "resolved": "https://registry.npmjs.org/@lit/reactive-element/-/reactive-element-2.0.4.tgz",
      "integrity": "sha512-GFn91inaUa2oHLak8awSIigYz0cU0Payr1rcFsrkf5OJ5eSPxElyZfKh0f2p9FsTiZWXQdWGJeXZICEfXXYSXQ==",
      "dependencies": {
        "@lit-labs/ssr-dom-shim": "^1.2.0"
      }
    },
    "node_modules/@spectrum-css/button": {
      "version": "4.1.2",
      "resolved": "https://registry.npmjs.org/@spectrum-css/button/-/button-4.1.2.tgz",
      "integrity": "sha512-9pVSfpmg1n7vIKyEX3AvUJTJ8XiRhH1NGk5ktLJxIh72WmHGoXA2gakUdK6WbB2blyaSjs2+KqiZOldEh+4H5g==",
      "peerDependencies": {
        "@spectrum-css/vars": "^4.0.0"
      }
    },
    "node_modules/@spectrum-css/textfield": {
      "version": "3.0.7",
      "resolved": "https://registry.npmjs.org/@spectrum-css/textfield/-/textfield-3.0.7.tgz",
      "integrity": "sha512-SZiaGmouT0X/CdipngAfewSoKk4w3JNEVsVIiDzZM2xc46UQgV1xe/IGr2ox183omFghatxDUMTX7z//gt8gRg==",
      "peerDependencies": {
        "@spectrum-css/vars": "^4.0.0"
      }
    },
    "node_modules/@spectrum-css/typography": {
      "version": "4.0.4",
      "resolved": "https://registry.npmjs.org/@spectrum-css/typography/-/typography-4.0.4.tgz",
      "integrity": "sha512-SfEJ0eAjPnwBjFFxHmiIrmikRb1tumjugjfCJm3xBfvGHkl+E3iG0eXA23XO/UNvszpn3MdvxOjYT0gVi4yJWw==",
      "peerDependencies": {
        "@spectrum-css/vars": "^4.0.0"
      }
    },
    "node_modules/@spectrum-css/vars": {
      "version": "4.3.1",
      "resolved": "https://registry.npmjs.org/@spectrum-css/vars/-/vars-4.3.1.tgz",
      "integrity": "sha512-rX6Iasu9BsFMVgEN0vGRPm9dmSxva+IK/uqQAa9HM0lliwqUiFrJxrFXHHpiAgNuux/U4srEJwbSpGzfF+CegQ==",
      "peer": true
    },
    "node_modules/@spectrum-web-components/base": {
      "version": "0.41.2",
      "resolved": "https://registry.npmjs.org/@spectrum-web-components/base/-/base-0.41.2.tgz",
      "integrity": "sha512-fDqLj415n3/cIr+znETIjvfEXo5s2uP6KgixeccEnS+z4R/bZvGXymC8AXLiVOSVzfRNPEZ81S1zBkn9EZZWpA==",
      "dependencies": {
        "lit": "^2.5.0"
      }
    },
    "node_modules/@spectrum-web-components/button": {
      "version": "0.41.2",
      "resolved": "https://registry.npmjs.org/@spectrum-web-components/button/-/button-0.41.2.tgz",
      "integrity": "sha512-aKrk/TUB/ggXiDBBOb9wVDeSeCuk8L+bbNGR86MOuQQB4fu+IC9qS4JXqMsxJGaZWyEsp3NmOwyxqbWOgCmxIw==",
      "dependencies": {
        "@spectrum-web-components/base": "^0.41.2",
        "@spectrum-web-components/clear-button": "^0.41.2",
        "@spectrum-web-components/close-button": "^0.41.2",
        "@spectrum-web-components/icon": "^0.41.2",
        "@spectrum-web-components/icons-ui": "^0.41.2",
        "@spectrum-web-components/progress-circle": "^0.41.2",
        "@spectrum-web-components/shared": "^0.41.2"
      }
    },
    "node_modules/@spectrum-web-components/clear-button": {
      "version": "0.41.2",
      "resolved": "https://registry.npmjs.org/@spectrum-web-components/clear-button/-/clear-button-0.41.2.tgz",
      "integrity": "sha512-LIx0Fws+2lL/g0HFvqzzgrtK8/r7qz6Ti8mlLKTaJkgHaHTkDHHNnKwjPsSLKtLLiBOK91A7OLfMloVQXmPxtA==",
      "dependencies": {
        "@spectrum-web-components/base": "^0.41.2"
      }
    },
    "node_modules/@spectrum-web-components/close-button": {
      "version": "0.41.2",
      "resolved": "https://registry.npmjs.org/@spectrum-web-components/close-button/-/close-button-0.41.2.tgz",
      "integrity": "sha512-nNyq0FtmUoymXDVo+7xufTwhsbSlPU0xUWcbxATkTXvj25pOtg7YD4QHyeXAX7Tv9KwS+1Id+Eq4ldbvQFNp2g==",
      "dependencies": {
        "@spectrum-web-components/base": "^0.41.2"
      }
    },
    "node_modules/@spectrum-web-components/icon": {
      "version": "0.41.2",
      "resolved": "https://registry.npmjs.org/@spectrum-web-components/icon/-/icon-0.41.2.tgz",
      "integrity": "sha512-EvTTXOk5SfOW722mCx4mW2CANUWhws3I7Rju2vl0aY5/Yo92KRbQcq4KnAl0clRf6F5yW2So83SUGMhcrL5bUw==",
      "dependencies": {
        "@spectrum-web-components/base": "^0.41.2",
        "@spectrum-web-components/iconset": "^0.41.2"
      }
    },
    "node_modules/@spectrum-web-components/icons-ui": {
      "version": "0.41.2",
      "resolved": "https://registry.npmjs.org/@spectrum-web-components/icons-ui/-/icons-ui-0.41.2.tgz",
      "integrity": "sha512-YfiLaOvKwxlZ9pD+PmmA/rtL7PTVh5ZphqQ4vxlTu5PKjL2qu+8S1CdwuKEroJmIBUQBbZW8qVYw0ZOR61gRTw==",
      "dependencies": {
        "@spectrum-web-components/base": "^0.41.2",
        "@spectrum-web-components/icon": "^0.41.2",
        "@spectrum-web-components/iconset": "^0.41.2"
      }
    },
    "node_modules/@spectrum-web-components/iconset": {
      "version": "0.41.2",
      "resolved": "https://registry.npmjs.org/@spectrum-web-components/iconset/-/iconset-0.41.2.tgz",
      "integrity": "sha512-cZvOa36INBg0xTTBB+NoCCCrBAUfVS8Tc2filpSBGLea1MdQWxFBpgE8nxfmJ/+CINL/Qe/30sOjm/vyL9QmQQ==",
      "dependencies": {
        "@spectrum-web-components/base": "^0.41.2"
      }
    },
    "node_modules/@spectrum-web-components/progress-circle": {
      "version": "0.41.2",
      "resolved": "https://registry.npmjs.org/@spectrum-web-components/progress-circle/-/progress-circle-0.41.2.tgz",
      "integrity": "sha512-jsm1vCcZxqnaIhFFHGW6j7McrCw2Mp1QlKR8zUkaHor/Uv38neCHjz+stN7/4K+UvK1HF3XSIPDFZqtyRmZgMg==",
      "dependencies": {
        "@spectrum-web-components/base": "^0.41.2",
        "@spectrum-web-components/shared": "^0.41.2"
      }
    },
    "node_modules/@spectrum-web-components/shared": {
      "version": "0.41.2",
      "resolved": "https://registry.npmjs.org/@spectrum-web-components/shared/-/shared-0.41.2.tgz",
      "integrity": "sha512-NmNu/EiO1W73TE+ahEcRu/4vxLoX2oKkK7QwYH+WSYc3YgzSeSgyX1YN4sY6rPu9G0cVCFDUgbcf25yZxTlqMw==",
      "dependencies": {
        "@lit-labs/observers": "^2.0.0",
        "@spectrum-web-components/base": "^0.41.2",
        "focus-visible": "^5.1.0"
      }
    },
    "node_modules/@types/trusted-types": {
      "version": "2.0.7",
      "resolved": "https://registry.npmjs.org/@types/trusted-types/-/trusted-types-2.0.7.tgz",
      "integrity": "sha512-ScaPdn1dQczgbl0QFTeTOmVHFULt394XJgOQNoyVhZ6r2vLnMLJfBPd53SB52T/3G36VI1/g2MZaX0cwDuXsfw=="
    },
    "node_modules/focus-visible": {
      "version": "5.2.0",
      "resolved": "https://registry.npmjs.org/focus-visible/-/focus-visible-5.2.0.tgz",
      "integrity": "sha512-Rwix9pBtC1Nuy5wysTmKy+UjbDJpIfg8eHjw0rjZ1mX4GNLz1Bmd16uDpI3Gk1i70Fgcs8Csg2lPm8HULFg9DQ=="
    },
    "node_modules/fs-extra": {
      "version": "11.2.0",
      "resolved": "https://registry.npmjs.org/fs-extra/-/fs-extra-11.2.0.tgz",
      "integrity": "sha512-PmDi3uwK5nFuXh7XDTlVnS17xJS7vW36is2+w3xcv8SVxiB4NyATf4ctkVY5bkSjX0Y4nbvZCq1/EjtEyr9ktw==",
      "dependencies": {
        "graceful-fs": "^4.2.0",
        "jsonfile": "^6.0.1",
        "universalify": "^2.0.0"
      },
      "engines": {
        "node": ">=14.14"
      }
    },
    "node_modules/graceful-fs": {
      "version": "4.2.11",
      "resolved": "https://registry.npmjs.org/graceful-fs/-/graceful-fs-4.2.11.tgz",
      "integrity": "sha512-RbJ5/jmFcNNCcDV5o9eTnBLJ/HszWV0P73bc+Ff4nS/rJj+YaS6IGyiOL0VoBYX+l1Wrl3k63h/KrH+nhJ0XvQ=="
    },
    "node_modules/jsonfile": {
      "version": "6.1.0",
      "resolved": "https://registry.npmjs.org/jsonfile/-/jsonfile-6.1.0.tgz",
      "integrity": "sha512-5dgndWOriYSm5cnYaJNhalLNDKOqFwyDB/rr1E9ZsGciGvKPs8R2xYGCacuf3z6K1YKDz182fd+fY3cn3pMqXQ==",
      "dependencies": {
        "universalify": "^2.0.0"
      },
      "optionalDependencies": {
        "graceful-fs": "^4.1.6"
      }
    },
    "node_modules/lit": {
      "version": "2.8.0",
      "resolved": "https://registry.npmjs.org/lit/-/lit-2.8.0.tgz",
      "integrity": "sha512-4Sc3OFX9QHOJaHbmTMk28SYgVxLN3ePDjg7hofEft2zWlehFL3LiAuapWc4U/kYwMYJSh2hTCPZ6/LIC7ii0MA==",
      "dependencies": {
        "@lit/reactive-element": "^1.6.0",
        "lit-element": "^3.3.0",
        "lit-html": "^2.8.0"
      }
    },
    "node_modules/lit-element": {
      "version": "3.3.3",
      "resolved": "https://registry.npmjs.org/lit-element/-/lit-element-3.3.3.tgz",
      "integrity": "sha512-XbeRxmTHubXENkV4h8RIPyr8lXc+Ff28rkcQzw3G6up2xg5E8Zu1IgOWIwBLEQsu3cOVFqdYwiVi0hv0SlpqUA==",
      "dependencies": {
        "@lit-labs/ssr-dom-shim": "^1.1.0",
        "@lit/reactive-element": "^1.3.0",
        "lit-html": "^2.8.0"
      }
    },
    "node_modules/lit-element/node_modules/@lit/reactive-element": {
      "version": "1.6.3",
      "resolved": "https://registry.npmjs.org/@lit/reactive-element/-/reactive-element-1.6.3.tgz",
      "integrity": "sha512-QuTgnG52Poic7uM1AN5yJ09QMe0O28e10XzSvWDz02TJiiKee4stsiownEIadWm8nYzyDAyT+gKzUoZmiWQtsQ==",
      "dependencies": {
        "@lit-labs/ssr-dom-shim": "^1.0.0"
      }
    },
    "node_modules/lit-html": {
      "version": "2.8.0",
      "resolved": "https://registry.npmjs.org/lit-html/-/lit-html-2.8.0.tgz",
      "integrity": "sha512-o9t+MQM3P4y7M7yNzqAyjp7z+mQGa4NS4CxiyLqFPyFWyc4O+nodLrkrxSaCTrla6M5YOLaT3RpbbqjszB5g3Q==",
      "dependencies": {
        "@types/trusted-types": "^2.0.2"
      }
    },
    "node_modules/lit/node_modules/@lit/reactive-element": {
      "version": "1.6.3",
      "resolved": "https://registry.npmjs.org/@lit/reactive-element/-/reactive-element-1.6.3.tgz",
      "integrity": "sha512-QuTgnG52Poic7uM1AN5yJ09QMe0O28e10XzSvWDz02TJiiKee4stsiownEIadWm8nYzyDAyT+gKzUoZmiWQtsQ==",
      "dependencies": {
        "@lit-labs/ssr-dom-shim": "^1.0.0"
      }
    },
    "node_modules/loadicons": {
      "version": "1.0.0",
      "resolved": "https://registry.npmjs.org/loadicons/-/loadicons-1.0.0.tgz",
      "integrity": "sha512-KSywiudfuOK5sTdhNMM8hwRpMxZ5TbQlU4ZijMxUFwRW7jpxUmb9YJoLIzDn7+xuxeLzCZWBmLJS2JDjDWCpsw=="
    },
    "node_modules/universalify": {
      "version": "2.0.1",
      "resolved": "https://registry.npmjs.org/universalify/-/universalify-2.0.1.tgz",
      "integrity": "sha512-gptHNQghINnc/vTGIk0SOFGFNXw7JVrlRUtConJRlvaw6DuX0wO5Jeko9sWrMBhh+PsYAZ7oXAiOnf/UKogyiw==",
      "engines": {
        "node": ">= 10.0.0"
      }
    }
  }
}
